github.com/0xF7A4C6/clean-http v0.0.0-20230608033955-282530ead08e h1:FI/Fg4P60crDEn0TYK3JXr5udPeoVWOxurCz5lRLniI=
github.com/0xF7A4C6/clean-http v0.0.0-20230608033955-282530ead08e/go.mod h1:cgpQA440bxhahouiVEgWqpV3ZgdP1cTSOpfMRjvSd8I=
github.com/0xF7A4C6/clean-http v0.0.0-20230609193845-2b4ade58d25a h1:S3kqgPqpmnOFstz2Y6FNFQ27YvNcB9aW+xnRGL+Hp/g=
github.com/0xF7A4C6/clean-http v0.0.0-20230609193845-2b4ade58d25a/go.mod h1:cgpQA440bxhahouiVEgWqpV3ZgdP1cTSOpfMRjvSd8I=
github.com/0xF7A4C6/clean-http v0.0.0-20230610030913-bf984ad5f636 h1:tQxrLFgJ35tm8YexscJaSkzxJWMCOixXfFDF3qrZ1Fc=
github.com/0xF7A4C6/clean-http v0.0.0-20230610030913-bf984ad5f636/go.mod h1:cPGU8d5jp8i/5YE+w/q1TNB+hv6RvT+k+0Yc2b4lQrQ=
github.com/0xF7A4C6/clean-http v0.0.0-20230610042633-1e8946cb6a60 h1:X+oQLc0N6+Tq1KKNx6KykyvRPzxLxikTnvQ5ezLw/XY=
github.com/0xF7A4C6/clean-http v0.0.0-20230610042633-1e8946cb6a60/go.mod h1:cPGU8d5jp8i/5YE+w/q1TNB+hv6RvT+k+0Yc2b4lQrQ=
github.com/0xF7A4C6/fingerprint-client v0.0.0-20230608004554-fecc9cc5246e h1:7n0y1fuXrDEZpvWSJKp6GTdWcMfpb5SZrm0PQc9UXuI=
github.com/0xF7A4C6/fingerprint-client v0.0.0-20230608004554-fecc9cc5246e/go.mod h1:aDID4Bkp3nMIPr04TKGQ99QI9rnttAOBikkygVzOBOU=
github.com/andybalholm/brotli v1.0.4 h1:V7DdXeJtZscaqfNuAdSRuRFzuiKlHSC/Zh3zl9qY3JY=
github.com/andybalholm/brotli v1.0.4/go.mod h1:fO7iG3H7G2nSZ7m0zPUDn85XEX2GTukHGRSepvi9Eig=
github.com/andybalholm/brotli v1.0.5 h1:8uQZIdzKmjc/iuPu7O2ioW48L81FgatrcpfFmiq/cCs=
github.com/andybalholm/brotli v1.0.5/go.mod h1:fO7iG3H7G2nSZ7m0zPUDn85XEX2GTukHGRSepvi9Eig=
github.com/bogdanfinn/fhttp v0.5.23 h1:4Xb5OjYArB8GpnUw4A4r5jmt8UW0/Cvey3R9nS2dC9U=
github.com/bogdanfinn/fhttp v0.5.23/go.mod h1:brqi5woc5eSCVHdKYBV8aZLbO7HGqpwyDLeXW+fT18I=
github.com/bogdanfinn/tls-client v1.3.12 h1:jpNj7owMY/oULUQyAhAv6tRFkliFGLyr8Qx1ZZY/gp8=
github.com/bogdanfinn/tls-client v1.3.12/go.mod h1:Q46nwIm0wPCweDM3XZcupxEIsTOWo3HVYSSsDj02/Qo=
github.com/bogdanfinn/utls v1.5.16 h1:NhhWkegEcYETBMj9nvgO4lwvc6NcLH+znrXzO3gnw4M=
github.com/bogdanfinn/utls v1.5.16/go.mod h1:mHeRCi69cUiEyVBkKONB1cAbLjRcZnlJbGzttmiuK4o=
github.com/danwakefield/fnmatch v0.0.0-20160403171240-cbb64ac3d964 h1:y5HC9v93H5EPKqaS1UYVg1uYah5Xf51mBfIoWehClUQ=
github.com/danwakefield/fnmatch v0.0.0-20160403171240-cbb64ac3d964/go.mod h1:Xd9hchkHSWYkEqJwUGisez3G1QY8Ryz0sdWrLPMGjLk=
github.com/davecgh/go-spew v1.1.0/go.mod h1:J7Y8YcW2NihsgmVo/mv3lAwl/skON4iLHjSsI+c5H38=
github.com/davecgh/go-spew v1.1.1 h1:vj9j/u1bqnvCEfJOwUhtlOARqs3+rkHYY13jYWTU97c=
github.com/davecgh/go-spew v1.1.1/go.mod h1:J7Y8YcW2NihsgmVo/mv3lAwl/skON4iLHjSsI+c5H38=
github.com/go-stack/stack v1.8.1 h1:ntEHSVwIt7PNXNpgPmVfMrNhLtgjlmnZha2kOpuRiDw=
github.com/go-stack/stack v1.8.1/go.mod h1:dcoOX6HbPZSZptuspn9bctJ+N/CnF5gGygcUP3XYfe4=
github.com/gorilla/websocket v1.4.2/go.mod h1:YR8l580nyteQvAITg2hZ9XVh4b55+EU/adAjf1fMHhE=
github.com/h2non/filetype v1.1.1/go.mod h1:319b3zT68BvV+WRj7cwy856M2ehB3HqNOt6sy1HndBY=
github.com/klauspost/compress v1.15.12 h1:YClS/PImqYbn+UILDnqxQCZ3RehC9N318SU3kElDUEM=
github.com/klauspost/compress v1.15.12/go.mod h1:QPwzmACJjUTFsnSHH934V6woptycfrDDJnH7hvFVbGM=
github.com/klauspost/compress v1.16.5 h1:IFV2oUNUzZaz+XyusxpLzpzS8Pt5rh0Z16For/djlyI=
github.com/klauspost/compress v1.16.5/go.mod h1:ntbaceVETuRiXiv4DpjP66DpAtAGkEQskQzEyD//IeE=
github.com/mssola/user_agent v0.6.0 h1:uwPR4rtWlCHRFyyP9u2KOV0u8iQXmS7Z7feTrstQwk4=
github.com/mssola/user_agent v0.6.0/go.mod h1:TTPno8LPY3wAIEKRpAtkdMT0f8SE24pLRGPahjCH4uw=
github.com/pieroxy/lz-string-go v0.0.0-20150527125527-815b44bac831 h1:UxgbSr4Gv3rR1C8t9IlAqOzzpWr+6leGjgMBQGt5YJE=
github.com/pieroxy/lz-string-go v0.0.0-20150527125527-815b44bac831/go.mod h1:GnqWWZ9wK94/SaSjO1YIpW29OJ9ogPsdAkCRJMrRSTQ=
github.com/playwright-community/playwright-go v0.2000.1 h1:2JViSHpJQ/UL/PO1Gg6gXV5IcXAAsoBJ3KG9L3wKXto=
github.com/playwright-community/playwright-go v0.2000.1/go.mod h1:1y9cM9b9dVHnuRWzED1KLM7FtbwTJC8ibDjI6MNqewU=
github.com/pmezard/go-difflib v1.0.0 h1:4DBwDE0NGyQoBHbLQYPwSUPoCMWR5BEzIk/f1lZbAQM=
github.com/pmezard/go-difflib v1.0.0/go.mod h1:iKH77koFhYxTK1pcRnkKkqfTogsbg7gZNVY4sRDYZ/4=
github.com/stretchr/objx v0.1.0/go.mod h1:HFkY916IF+rwdDfMAkV7OtwuqBVzrE8GR6GFx+wExME=
github.com/stretchr/testify v1.7.0/go.mod h1:6Fq8oRcR53rry900zMqJjRRixrwX3KX962/h/Wwjteg=
github.com/stretchr/testify v1.8.0 h1:pSgiaMZlXftHpm5L7V1+rVB+AZJydKsMxsQBIJw4PKk=
github.com/tam7t/hpkp v0.0.0-20160821193359-2b70b4024ed5 h1:YqAladjX7xpA6BM04leXMWAEjS0mTZ5kUU9KRBriQJc=
github.com/tam7t/hpkp v0.0.0-20160821193359-2b70b4024ed5/go.mod h1:2JjD2zLQYH5HO74y5+aE3remJQvl6q4Sn6aWA2wD1Ng=
golang.org/x/crypto v0.1.0 h1:MDRAIl0xIo9Io2xV565hzXHw3zVseKrJKodhohM5CjU=
golang.org/x/crypto v0.1.0/go.mod h1:RecgLatLF4+eUMCP1PoPZQb+cVrJcOPbHkTkbkB9sbw=
golang.org/x/crypto v0.9.0 h1:LF6fAI+IutBocDJ2OT0Q1g8plpYljMZ4+lty+dsqw3g=
golang.org/x/crypto v0.9.0/go.mod h1:yrmDGqONDYtNj3tH8X9dzUun2m2lzPa9ngI6/RUPGR0=
golang.org/x/net v0.5.0 h1:GyT4nK/YDHSqa1c4753ouYCDajOYKTja9Xb/OHtgvSw=
golang.org/x/net v0.5.0/go.mod h1:DivGGAXEgPSlEBzxGzZI+ZLohi+xUj054jfeKui00ws=
golang.org/x/net v0.10.0 h1:X2//UzNDwYmtCLn7To6G58Wr6f5ahEAQgKNzv9Y951M=
golang.org/x/net v0.10.0/go.mod h1:0qNGK6F8kojg2nk9dLZ2mShWaEBan6FAoqfSigmmuDg=
golang.org/x/sys v0.4.0 h1:Zr2JFtRQNX3BCZ8YtxRE9hNJYC8J6I1MVbMg6owUp18=
golang.org/x/sys v0.4.0/go.mod h1:oPkhp1MJrh7nUepCBck5+mAzfO9JrbApNNgaTdGDITg=
golang.org/x/sys v0.8.0 h1:EBmGv8NaZBZTWvrbjNoL6HVt+IVy3QDQpJs7VRIw3tU=
golang.org/x/sys v0.8.0/go.mod h1:oPkhp1MJrh7nUepCBck5+mAzfO9JrbApNNgaTdGDITg=
golang.org/x/text v0.6.0 h1:3XmdazWV+ubf7QgHSTWeykHOci5oeekaGJBLkrkaw4k=
golang.org/x/text v0.6.0/go.mod h1:mrYo+phRRbMaCq/xk9113O4dZlRixOauAjOtrjsXDZ8=
golang.org/x/text v0.9.0 h1:2sjJmO8cDvYveuX97RDLsxlyUxLl+GHoLxBiRdHllBE=
golang.org/x/text v0.9.0/go.mod h1:e1OnstbJyHTd6l/uOt8jFFHp6TRDWZR/bV3emEE/zU8=
gopkg.in/check.v1 v0.0.0-20161208181325-20d25e280405/go.mod h1:Co6ibVJAznAaIkqp8huTwlJQCZ016jof/cbN4VW5Yz0=
gopkg.in/square/go-jose.v2 v2.6.0 h1:NGk74WTnPKBNUhNzQX7PYcTLUjoq7mzKk2OKbvwk2iI=
gopkg.in/square/go-jose.v2 v2.6.0/go.mod h1:M9dMgbHiYLoDGQrXy7OpJDJWiKiU//h+vD76mk0e1AI=
gopkg.in/yaml.v3 v3.0.0-20200313102051-9f266ea9e77c/go.mod h1:K4uyk7z7BCEPqu6E+C64Yfv1cQ7kz7rIZviUmN+EgEM=
gopkg.in/yaml.v3 v3.0.1 h1:fxVm/GzAzEWqLHuvctI91KS9hhNmmWOoWu0XTYJS7CA=
